
Microsoft Visual Studio Solution File, Format Version 12.00
# Visual Studio 15
VisualStudioVersion = 15.0.28307.539
MinimumVisualStudioVersion = 10.0.40219.1
Project("{9A19103F-16F7-4668-BE54-9A1E7A4F7556}") = "FirstCore", "FirstCore.csproj", "{A108A1B8-225C-4B44-B444-AE14EECCB30B}"
EndProject
Global
	GlobalSection(SolutionConfigurationPlatforms) = preSolution
		Debug|Any CPU = Debug|Any CPU
		Release|Any CPU = Release|Any CPU
	EndGlobalSection
	GlobalSection(ProjectConfigurationPlatforms) = postSolution
		{A108A1B8-225C-4B44-B444-AE14EECCB30B}.Debug|Any CPU.ActiveCfg = Debug|Any CPU
		{A108A1B8-225C-4B44-B444-AE14EECCB30B}.Debug|Any CPU.Build.0 = Debug|Any CPU
		{A108A1B8-225C-4B44-B444-AE14EECCB30B}.Release|Any CPU.ActiveCfg = Release|Any CPU
		{A108A1B8-225C-4B44-B444-AE14EECCB30B}.Release|Any CPU.Build.0 = Release|Any CPU
	EndGlobalSection
	GlobalSection(SolutionProperties) = preSolution
		HideSolutionNode = FALSE
	EndGlobalSection
	GlobalSection(ExtensibilityGlobals) = postSolution
		SolutionGuid = {EDA8815C-CDA2-4339-8A9D-AE9E16802E70}
	EndGlobalSection
EndGlobal
