
Microsoft Visual Studio Solution File, Format Version 11.00
# Visual Studio 2010
Project("{8BC9CEB8-8B4A-11D0-8D11-00A0C91BC942}") = "TestNumbers", "TestNumbers\TestNumbers.vcxproj", "{1748C9C9-58D7-44C5-8708-783C714C525C}"
EndProject
Global
	GlobalSection(SolutionConfigurationPlatforms) = preSolution
		Debug|Win32 = Debug|Win32
		Release|Win32 = Release|Win32
	EndGlobalSection
	GlobalSection(ProjectConfigurationPlatforms) = postSolution
		{1748C9C9-58D7-44C5-8708-783C714C525C}.Debug|Win32.ActiveCfg = Debug|Win32
		{1748C9C9-58D7-44C5-8708-783C714C525C}.Debug|Win32.Build.0 = Debug|Win32
		{1748C9C9-58D7-44C5-8708-783C714C525C}.Release|Win32.ActiveCfg = Release|Win32
		{1748C9C9-58D7-44C5-8708-783C714C525C}.Release|Win32.Build.0 = Release|Win32
	EndGlobalSection
	GlobalSection(SolutionProperties) = preSolution
		HideSolutionNode = FALSE
	EndGlobalSection
EndGlobal
