
Microsoft Visual Studio Solution File, Format Version 12.00
# Visual Studio Version 17
VisualStudioVersion = 17.1.32328.378
MinimumVisualStudioVersion = 10.0.40219.1
Project("{FAE04EC0-301F-11D3-BF4B-00C04F79EFBC}") = "TodoApi", "TodoApi\TodoApi.csproj", "{4FC56931-7A55-4971-B96F-90088EF2C7F6}"
EndProject
Global
	GlobalSection(SolutionConfigurationPlatforms) = preSolution
		Debug|Any CPU = Debug|Any CPU
		Release|Any CPU = Release|Any CPU
	EndGlobalSection
	GlobalSection(ProjectConfigurationPlatforms) = postSolution
		{4FC56931-7A55-4971-B96F-90088EF2C7F6}.Debug|Any CPU.ActiveCfg = Debug|Any CPU
		{4FC56931-7A55-4971-B96F-90088EF2C7F6}.Debug|Any CPU.Build.0 = Debug|Any CPU
		{4FC56931-7A55-4971-B96F-90088EF2C7F6}.Release|Any CPU.ActiveCfg = Release|Any CPU
		{4FC56931-7A55-4971-B96F-90088EF2C7F6}.Release|Any CPU.Build.0 = Release|Any CPU
	EndGlobalSection
	GlobalSection(SolutionProperties) = preSolution
		HideSolutionNode = FALSE
	EndGlobalSection
	GlobalSection(ExtensibilityGlobals) = postSolution
		SolutionGuid = {7C8D954F-5FFA-4FB6-B9BC-F3F81251E8F2}
	EndGlobalSection
EndGlobal
