
Microsoft Visual Studio Solution File, Format Version 12.00
# Visual Studio 15
VisualStudioVersion = 15.0.28307.645
MinimumVisualStudioVersion = 10.0.40219.1
Project("{FAE04EC0-301F-11D3-BF4B-00C04F79EFBC}") = "WebApplication5", "WebApplication5\WebApplication5.csproj", "{F28F2F77-6938-4BF7-92E2-4C283984B2EE}"
EndProject
Global
	GlobalSection(SolutionConfigurationPlatforms) = preSolution
		Debug|Any CPU = Debug|Any CPU
		Release|Any CPU = Release|Any CPU
	EndGlobalSection
	GlobalSection(ProjectConfigurationPlatforms) = postSolution
		{F28F2F77-6938-4BF7-92E2-4C283984B2EE}.Debug|Any CPU.ActiveCfg = Debug|Any CPU
		{F28F2F77-6938-4BF7-92E2-4C283984B2EE}.Debug|Any CPU.Build.0 = Debug|Any CPU
		{F28F2F77-6938-4BF7-92E2-4C283984B2EE}.Release|Any CPU.ActiveCfg = Release|Any CPU
		{F28F2F77-6938-4BF7-92E2-4C283984B2EE}.Release|Any CPU.Build.0 = Release|Any CPU
	EndGlobalSection
	GlobalSection(SolutionProperties) = preSolution
		HideSolutionNode = FALSE
	EndGlobalSection
	GlobalSection(ExtensibilityGlobals) = postSolution
		SolutionGuid = {BF96606B-6B70-40B0-A6FB-58013666E25F}
	EndGlobalSection
EndGlobal
