
Microsoft Visual Studio Solution File, Format Version 12.00
# Visual Studio 15
VisualStudioVersion = 15.0.28307.645
MinimumVisualStudioVersion = 10.0.40219.1
Project("{FAE04EC0-301F-11D3-BF4B-00C04F79EFBC}") = "WebApplication7", "WebApplication7\WebApplication7.csproj", "{58A1F77A-416A-4986-816F-992BBD853ACE}"
EndProject
Global
	GlobalSection(SolutionConfigurationPlatforms) = preSolution
		Debug|Any CPU = Debug|Any CPU
		Release|Any CPU = Release|Any CPU
	EndGlobalSection
	GlobalSection(ProjectConfigurationPlatforms) = postSolution
		{58A1F77A-416A-4986-816F-992BBD853ACE}.Debug|Any CPU.ActiveCfg = Debug|Any CPU
		{58A1F77A-416A-4986-816F-992BBD853ACE}.Debug|Any CPU.Build.0 = Debug|Any CPU
		{58A1F77A-416A-4986-816F-992BBD853ACE}.Release|Any CPU.ActiveCfg = Release|Any CPU
		{58A1F77A-416A-4986-816F-992BBD853ACE}.Release|Any CPU.Build.0 = Release|Any CPU
	EndGlobalSection
	GlobalSection(SolutionProperties) = preSolution
		HideSolutionNode = FALSE
	EndGlobalSection
	GlobalSection(ExtensibilityGlobals) = postSolution
		SolutionGuid = {5F742F01-3730-45B0-8B05-5E558D7D4E52}
	EndGlobalSection
EndGlobal
