
Microsoft Visual Studio Solution File, Format Version 12.00
# Visual Studio Version 17
VisualStudioVersion = 17.1.32328.378
MinimumVisualStudioVersion = 10.0.40219.1
Project("{FAE04EC0-301F-11D3-BF4B-00C04F79EFBC}") = "Dotnet6WebAppBoilerPlate", "Dotnet6WebAppBoilerPlate\Dotnet6WebAppBoilerPlate.csproj", "{504C3549-EEB4-46CD-807F-FC01D4497785}"
EndProject
Global
	GlobalSection(SolutionConfigurationPlatforms) = preSolution
		Debug|Any CPU = Debug|Any CPU
		Release|Any CPU = Release|Any CPU
	EndGlobalSection
	GlobalSection(ProjectConfigurationPlatforms) = postSolution
		{504C3549-EEB4-46CD-807F-FC01D4497785}.Debug|Any CPU.ActiveCfg = Debug|Any CPU
		{504C3549-EEB4-46CD-807F-FC01D4497785}.Debug|Any CPU.Build.0 = Debug|Any CPU
		{504C3549-EEB4-46CD-807F-FC01D4497785}.Release|Any CPU.ActiveCfg = Release|Any CPU
		{504C3549-EEB4-46CD-807F-FC01D4497785}.Release|Any CPU.Build.0 = Release|Any CPU
	EndGlobalSection
	GlobalSection(SolutionProperties) = preSolution
		HideSolutionNode = FALSE
	EndGlobalSection
	GlobalSection(ExtensibilityGlobals) = postSolution
		SolutionGuid = {E792368A-163D-4A7B-875E-14750E53890F}
	EndGlobalSection
EndGlobal
