
Microsoft Visual Studio Solution File, Format Version 12.00
# Visual Studio 15
VisualStudioVersion = 15.0.28307.421
MinimumVisualStudioVersion = 10.0.40219.1
Project("{FAE04EC0-301F-11D3-BF4B-00C04F79EFBC}") = "Exercise1", "Exercise1\Exercise1.csproj", "{0AC452AF-056B-4C0C-B307-F8046AE4EF3B}"
EndProject
Global
	GlobalSection(SolutionConfigurationPlatforms) = preSolution
		Debug|Any CPU = Debug|Any CPU
		Release|Any CPU = Release|Any CPU
	EndGlobalSection
	GlobalSection(ProjectConfigurationPlatforms) = postSolution
		{0AC452AF-056B-4C0C-B307-F8046AE4EF3B}.Debug|Any CPU.ActiveCfg = Debug|Any CPU
		{0AC452AF-056B-4C0C-B307-F8046AE4EF3B}.Debug|Any CPU.Build.0 = Debug|Any CPU
		{0AC452AF-056B-4C0C-B307-F8046AE4EF3B}.Release|Any CPU.ActiveCfg = Release|Any CPU
		{0AC452AF-056B-4C0C-B307-F8046AE4EF3B}.Release|Any CPU.Build.0 = Release|Any CPU
	EndGlobalSection
	GlobalSection(SolutionProperties) = preSolution
		HideSolutionNode = FALSE
	EndGlobalSection
	GlobalSection(ExtensibilityGlobals) = postSolution
		SolutionGuid = {61E56488-CD7D-49F3-9EE0-B10D9E40A960}
	EndGlobalSection
EndGlobal
