
Microsoft Visual Studio Solution File, Format Version 12.00
# Visual Studio Version 17
VisualStudioVersion = 17.12.35707.178 d17.12
MinimumVisualStudioVersion = 10.0.40219.1
Project("{FAE04EC0-301F-11D3-BF4B-00C04F79EFBC}") = "ParentConsoleApp", "ParentConsoleApp\ParentConsoleApp.csproj", "{A0BBDBFA-5AD9-4546-B7D9-9AE6C9DC9BBC}"
EndProject
Project("{FAE04EC0-301F-11D3-BF4B-00C04F79EFBC}") = "ChildLib", "ChildLib\ChildLib.csproj", "{C1E33B1C-37CC-433A-8A49-0E3E92CC55B7}"
EndProject
Global
	GlobalSection(SolutionConfigurationPlatforms) = preSolution
		Debug|Any CPU = Debug|Any CPU
		Release|Any CPU = Release|Any CPU
	EndGlobalSection
	GlobalSection(ProjectConfigurationPlatforms) = postSolution
		{A0BBDBFA-5AD9-4546-B7D9-9AE6C9DC9BBC}.Debug|Any CPU.ActiveCfg = Debug|Any CPU
		{A0BBDBFA-5AD9-4546-B7D9-9AE6C9DC9BBC}.Debug|Any CPU.Build.0 = Debug|Any CPU
		{A0BBDBFA-5AD9-4546-B7D9-9AE6C9DC9BBC}.Release|Any CPU.ActiveCfg = Release|Any CPU
		{A0BBDBFA-5AD9-4546-B7D9-9AE6C9DC9BBC}.Release|Any CPU.Build.0 = Release|Any CPU
		{C1E33B1C-37CC-433A-8A49-0E3E92CC55B7}.Debug|Any CPU.ActiveCfg = Debug|Any CPU
		{C1E33B1C-37CC-433A-8A49-0E3E92CC55B7}.Debug|Any CPU.Build.0 = Debug|Any CPU
		{C1E33B1C-37CC-433A-8A49-0E3E92CC55B7}.Release|Any CPU.ActiveCfg = Release|Any CPU
		{C1E33B1C-37CC-433A-8A49-0E3E92CC55B7}.Release|Any CPU.Build.0 = Release|Any CPU
	EndGlobalSection
	GlobalSection(SolutionProperties) = preSolution
		HideSolutionNode = FALSE
	EndGlobalSection
EndGlobal
