
Microsoft Visual Studio Solution File, Format Version 11.00
# Visual Studio 2010
Project("{8BC9CEB8-8B4A-11D0-8D11-00A0C91BC942}") = "SumAll", "SumAll\SumAll.vcxproj", "{7CB1F57E-B629-4782-B92B-9D0FE15E1B26}"
EndProject
Global
	GlobalSection(SolutionConfigurationPlatforms) = preSolution
		Debug|Win32 = Debug|Win32
		Release|Win32 = Release|Win32
	EndGlobalSection
	GlobalSection(ProjectConfigurationPlatforms) = postSolution
		{7CB1F57E-B629-4782-B92B-9D0FE15E1B26}.Debug|Win32.ActiveCfg = Debug|Win32
		{7CB1F57E-B629-4782-B92B-9D0FE15E1B26}.Debug|Win32.Build.0 = Debug|Win32
		{7CB1F57E-B629-4782-B92B-9D0FE15E1B26}.Release|Win32.ActiveCfg = Release|Win32
		{7CB1F57E-B629-4782-B92B-9D0FE15E1B26}.Release|Win32.Build.0 = Release|Win32
	EndGlobalSection
	GlobalSection(SolutionProperties) = preSolution
		HideSolutionNode = FALSE
	EndGlobalSection
EndGlobal
