
Microsoft Visual Studio Solution File, Format Version 12.00
# Visual Studio 15
VisualStudioVersion = 15.0.28307.757
MinimumVisualStudioVersion = 10.0.40219.1
Project("{9A19103F-16F7-4668-BE54-9A1E7A4F7556}") = "DotNetCoreSqlDb", "DotNetCoreSqlDb.csproj", "{4BB22E20-581D-435E-8B59-239812215772}"
EndProject
Global
	GlobalSection(SolutionConfigurationPlatforms) = preSolution
		Debug|Any CPU = Debug|Any CPU
		Release|Any CPU = Release|Any CPU
	EndGlobalSection
	GlobalSection(ProjectConfigurationPlatforms) = postSolution
		{4BB22E20-581D-435E-8B59-239812215772}.Debug|Any CPU.ActiveCfg = Debug|Any CPU
		{4BB22E20-581D-435E-8B59-239812215772}.Debug|Any CPU.Build.0 = Debug|Any CPU
		{4BB22E20-581D-435E-8B59-239812215772}.Release|Any CPU.ActiveCfg = Release|Any CPU
		{4BB22E20-581D-435E-8B59-239812215772}.Release|Any CPU.Build.0 = Release|Any CPU
	EndGlobalSection
	GlobalSection(SolutionProperties) = preSolution
		HideSolutionNode = FALSE
	EndGlobalSection
	GlobalSection(ExtensibilityGlobals) = postSolution
		SolutionGuid = {454F9472-1CD1-451E-8DAA-20645B8E37A2}
	EndGlobalSection
EndGlobal
