
Microsoft Visual Studio Solution File, Format Version 12.00
# Visual Studio Version 16
VisualStudioVersion = 16.0.31313.79
MinimumVisualStudioVersion = 10.0.40219.1
Project("{FAE04EC0-301F-11D3-BF4B-00C04F79EFBC}") = "TestWinFormsApp", "TestWinFormsApp.csproj", "{20EF1B05-3440-405B-B5CF-D0B40409B45A}"
EndProject
Global
	GlobalSection(SolutionConfigurationPlatforms) = preSolution
		Debug|Any CPU = Debug|Any CPU
		Release|Any CPU = Release|Any CPU
	EndGlobalSection
	GlobalSection(ProjectConfigurationPlatforms) = postSolution
		{20EF1B05-3440-405B-B5CF-D0B40409B45A}.Debug|Any CPU.ActiveCfg = Debug|Any CPU
		{20EF1B05-3440-405B-B5CF-D0B40409B45A}.Debug|Any CPU.Build.0 = Debug|Any CPU
		{20EF1B05-3440-405B-B5CF-D0B40409B45A}.Release|Any CPU.ActiveCfg = Release|Any CPU
		{20EF1B05-3440-405B-B5CF-D0B40409B45A}.Release|Any CPU.Build.0 = Release|Any CPU
	EndGlobalSection
	GlobalSection(SolutionProperties) = preSolution
		HideSolutionNode = FALSE
	EndGlobalSection
	GlobalSection(ExtensibilityGlobals) = postSolution
		SolutionGuid = {7871EB90-264C-4CE0-87DF-762009CEC140}
	EndGlobalSection
EndGlobal
