
Microsoft Visual Studio Solution File, Format Version 12.00
# Visual Studio Version 17
VisualStudioVersion = 17.6.33829.357
MinimumVisualStudioVersion = 10.0.40219.1
Project("{FAE04EC0-301F-11D3-BF4B-00C04F79EFBC}") = "AzureManagementTest", "AzureManagementTest.csproj", "{7F3B9B1B-69C7-4046-BEBA-3AEC18A0CD67}"
EndProject
Global
	GlobalSection(SolutionConfigurationPlatforms) = preSolution
		Debug|Any CPU = Debug|Any CPU
		Release|Any CPU = Release|Any CPU
	EndGlobalSection
	GlobalSection(ProjectConfigurationPlatforms) = postSolution
		{7F3B9B1B-69C7-4046-BEBA-3AEC18A0CD67}.Debug|Any CPU.ActiveCfg = Debug|Any CPU
		{7F3B9B1B-69C7-4046-BEBA-3AEC18A0CD67}.Debug|Any CPU.Build.0 = Debug|Any CPU
		{7F3B9B1B-69C7-4046-BEBA-3AEC18A0CD67}.Release|Any CPU.ActiveCfg = Release|Any CPU
		{7F3B9B1B-69C7-4046-BEBA-3AEC18A0CD67}.Release|Any CPU.Build.0 = Release|Any CPU
	EndGlobalSection
	GlobalSection(SolutionProperties) = preSolution
		HideSolutionNode = FALSE
	EndGlobalSection
	GlobalSection(ExtensibilityGlobals) = postSolution
		SolutionGuid = {1A5D319C-5B00-4A51-ABFE-CDC7CA3BED34}
	EndGlobalSection
EndGlobal
