
Microsoft Visual Studio Solution File, Format Version 12.00
# Visual Studio Version 17
VisualStudioVersion = 17.9.34714.143
MinimumVisualStudioVersion = 10.0.40219.1
Project("{FAE04EC0-301F-11D3-BF4B-00C04F79EFBC}") = "TestWebApplication", "TestWebApplication\TestWebApplication.csproj", "{995485A1-CA80-4AAD-87CA-5D2D876B5623}"
EndProject
Global
	GlobalSection(SolutionConfigurationPlatforms) = preSolution
		Debug|Any CPU = Debug|Any CPU
		Release|Any CPU = Release|Any CPU
	EndGlobalSection
	GlobalSection(ProjectConfigurationPlatforms) = postSolution
		{995485A1-CA80-4AAD-87CA-5D2D876B5623}.Debug|Any CPU.ActiveCfg = Debug|Any CPU
		{995485A1-CA80-4AAD-87CA-5D2D876B5623}.Debug|Any CPU.Build.0 = Debug|Any CPU
		{995485A1-CA80-4AAD-87CA-5D2D876B5623}.Release|Any CPU.ActiveCfg = Release|Any CPU
		{995485A1-CA80-4AAD-87CA-5D2D876B5623}.Release|Any CPU.Build.0 = Release|Any CPU
	EndGlobalSection
	GlobalSection(SolutionProperties) = preSolution
		HideSolutionNode = FALSE
	EndGlobalSection
	GlobalSection(ExtensibilityGlobals) = postSolution
		SolutionGuid = {C4D07477-5471-4344-91F0-D08863BC1526}
	EndGlobalSection
EndGlobal
