
Microsoft Visual Studio Solution File, Format Version 12.00
# Visual Studio 2013
VisualStudioVersion = 12.0.40629.0
MinimumVisualStudioVersion = 10.0.40219.1
Project("{FAE04EC0-301F-11D3-BF4B-00C04F79EFBC}") = "QuickTest", "QuickTest\QuickTest.csproj", "{1A31DADC-FB65-4A49-B723-EE2424FC8F77}"
EndProject
Project("{FAE04EC0-301F-11D3-BF4B-00C04F79EFBC}") = "PictureViewer", "PictureViewer\PictureViewer.csproj", "{254A66F6-D8C9-4E6C-A587-074562030313}"
EndProject
Project("{FAE04EC0-301F-11D3-BF4B-00C04F79EFBC}") = "MathQuiz", "MathQuiz\MathQuiz.csproj", "{E7A98811-26FC-4FA1-8837-C9B93B77B8F5}"
EndProject
Project("{FAE04EC0-301F-11D3-BF4B-00C04F79EFBC}") = "MatchingGame", "MatchingGame\MatchingGame.csproj", "{05C107FB-8C98-451A-8A29-6947D97D0A69}"
EndProject
Global
	GlobalSection(SolutionConfigurationPlatforms) = preSolution
		Debug|Any CPU = Debug|Any CPU
		Release|Any CPU = Release|Any CPU
	EndGlobalSection
	GlobalSection(ProjectConfigurationPlatforms) = postSolution
		{1A31DADC-FB65-4A49-B723-EE2424FC8F77}.Debug|Any CPU.ActiveCfg = Debug|Any CPU
		{1A31DADC-FB65-4A49-B723-EE2424FC8F77}.Debug|Any CPU.Build.0 = Debug|Any CPU
		{1A31DADC-FB65-4A49-B723-EE2424FC8F77}.Release|Any CPU.ActiveCfg = Release|Any CPU
		{1A31DADC-FB65-4A49-B723-EE2424FC8F77}.Release|Any CPU.Build.0 = Release|Any CPU
		{254A66F6-D8C9-4E6C-A587-074562030313}.Debug|Any CPU.ActiveCfg = Debug|Any CPU
		{254A66F6-D8C9-4E6C-A587-074562030313}.Debug|Any CPU.Build.0 = Debug|Any CPU
		{254A66F6-D8C9-4E6C-A587-074562030313}.Release|Any CPU.ActiveCfg = Release|Any CPU
		{254A66F6-D8C9-4E6C-A587-074562030313}.Release|Any CPU.Build.0 = Release|Any CPU
		{E7A98811-26FC-4FA1-8837-C9B93B77B8F5}.Debug|Any CPU.ActiveCfg = Debug|Any CPU
		{E7A98811-26FC-4FA1-8837-C9B93B77B8F5}.Debug|Any CPU.Build.0 = Debug|Any CPU
		{E7A98811-26FC-4FA1-8837-C9B93B77B8F5}.Release|Any CPU.ActiveCfg = Release|Any CPU
		{E7A98811-26FC-4FA1-8837-C9B93B77B8F5}.Release|Any CPU.Build.0 = Release|Any CPU
		{05C107FB-8C98-451A-8A29-6947D97D0A69}.Debug|Any CPU.ActiveCfg = Debug|Any CPU
		{05C107FB-8C98-451A-8A29-6947D97D0A69}.Debug|Any CPU.Build.0 = Debug|Any CPU
		{05C107FB-8C98-451A-8A29-6947D97D0A69}.Release|Any CPU.ActiveCfg = Release|Any CPU
		{05C107FB-8C98-451A-8A29-6947D97D0A69}.Release|Any CPU.Build.0 = Release|Any CPU
	EndGlobalSection
	GlobalSection(SolutionProperties) = preSolution
		HideSolutionNode = FALSE
	EndGlobalSection
EndGlobal
