
Microsoft Visual Studio Solution File, Format Version 12.00
# Visual Studio 2013
VisualStudioVersion = 12.0.40629.0
MinimumVisualStudioVersion = 10.0.40219.1
Project("{FAE04EC0-301F-11D3-BF4B-00C04F79EFBC}") = "PythonToolsLinks1", "PythonToolsLinks1\PythonToolsLinks1.csproj", "{4BF4590C-6CF1-4ADC-8599-42C3826B0E29}"
EndProject
Global
	GlobalSection(SolutionConfigurationPlatforms) = preSolution
		Debug|Any CPU = Debug|Any CPU
	EndGlobalSection
	GlobalSection(ProjectConfigurationPlatforms) = postSolution
		{4BF4590C-6CF1-4ADC-8599-42C3826B0E29}.Debug|Any CPU.ActiveCfg = Debug|Any CPU
		{4BF4590C-6CF1-4ADC-8599-42C3826B0E29}.Debug|Any CPU.Build.0 = Debug|Any CPU
	EndGlobalSection
	GlobalSection(SolutionProperties) = preSolution
		HideSolutionNode = FALSE
	EndGlobalSection
EndGlobal
